
Microsoft Visual Studio Solution File, Format Version 12.00
# Visual Studio Version 16
VisualStudioVersion = 16.0.32002.261
MinimumVisualStudioVersion = 10.0.40219.1
Project("{FAE04EC0-301F-11D3-BF4B-00C04F79EFBC}") = "GhExcel", "GhExcel.csproj", "{38D24092-0D53-4ADC-84F0-D72BE34FBA13}"
EndProject
Global
	GlobalSection(SolutionConfigurationPlatforms) = preSolution
		Debug|Any CPU = Debug|Any CPU
		Release|Any CPU = Release|Any CPU
	EndGlobalSection
	GlobalSection(ProjectConfigurationPlatforms) = postSolution
		{38D24092-0D53-4ADC-84F0-D72BE34FBA13}.Debug|Any CPU.ActiveCfg = Debug|Any CPU
		{38D24092-0D53-4ADC-84F0-D72BE34FBA13}.Debug|Any CPU.Build.0 = Debug|Any CPU
		{38D24092-0D53-4ADC-84F0-D72BE34FBA13}.Release|Any CPU.ActiveCfg = Release|Any CPU
		{38D24092-0D53-4ADC-84F0-D72BE34FBA13}.Release|Any CPU.Build.0 = Release|Any CPU
	EndGlobalSection
	GlobalSection(SolutionProperties) = preSolution
		HideSolutionNode = FALSE
	EndGlobalSection
	GlobalSection(ExtensibilityGlobals) = postSolution
		SolutionGuid = {DF827A7E-8BFF-48E2-A486-A0714DB9CF06}
	EndGlobalSection
EndGlobal
